
Microsoft Visual Studio Solution File, Format Version 12.00
# Visual Studio Version 17
VisualStudioVersion = 17.1.32407.343
MinimumVisualStudioVersion = 10.0.40219.1
Project("{FAE04EC0-301F-11D3-BF4B-00C04F79EFBC}") = "ApiABMs", "ApiABMs\ApiABMs.csproj", "{D1AB03E2-2054-4B80-81E8-E4F72C18E088}"
EndProject
Project("{FAE04EC0-301F-11D3-BF4B-00C04F79EFBC}") = "BLL", "BLL\BLL.csproj", "{8984BE41-90F1-4A0D-BE77-A4F1E4A33936}"
EndProject
Project("{FAE04EC0-301F-11D3-BF4B-00C04F79EFBC}") = "DAL", "DAL\DAL.csproj", "{2A4FC9F3-527D-474D-BF8C-CFB8FD9B1563}"
EndProject
Project("{FAE04EC0-301F-11D3-BF4B-00C04F79EFBC}") = "Domain", "Domain\Domain.csproj", "{6C1E2617-E727-418D-962F-944B300C89CF}"
EndProject
Global
	GlobalSection(SolutionConfigurationPlatforms) = preSolution
		Debug|Any CPU = Debug|Any CPU
		Release|Any CPU = Release|Any CPU
	EndGlobalSection
	GlobalSection(ProjectConfigurationPlatforms) = postSolution
		{D1AB03E2-2054-4B80-81E8-E4F72C18E088}.Debug|Any CPU.ActiveCfg = Debug|Any CPU
		{D1AB03E2-2054-4B80-81E8-E4F72C18E088}.Debug|Any CPU.Build.0 = Debug|Any CPU
		{D1AB03E2-2054-4B80-81E8-E4F72C18E088}.Release|Any CPU.ActiveCfg = Release|Any CPU
		{D1AB03E2-2054-4B80-81E8-E4F72C18E088}.Release|Any CPU.Build.0 = Release|Any CPU
		{8984BE41-90F1-4A0D-BE77-A4F1E4A33936}.Debug|Any CPU.ActiveCfg = Debug|Any CPU
		{8984BE41-90F1-4A0D-BE77-A4F1E4A33936}.Debug|Any CPU.Build.0 = Debug|Any CPU
		{8984BE41-90F1-4A0D-BE77-A4F1E4A33936}.Release|Any CPU.ActiveCfg = Release|Any CPU
		{8984BE41-90F1-4A0D-BE77-A4F1E4A33936}.Release|Any CPU.Build.0 = Release|Any CPU
		{2A4FC9F3-527D-474D-BF8C-CFB8FD9B1563}.Debug|Any CPU.ActiveCfg = Debug|Any CPU
		{2A4FC9F3-527D-474D-BF8C-CFB8FD9B1563}.Debug|Any CPU.Build.0 = Debug|Any CPU
		{2A4FC9F3-527D-474D-BF8C-CFB8FD9B1563}.Release|Any CPU.ActiveCfg = Release|Any CPU
		{2A4FC9F3-527D-474D-BF8C-CFB8FD9B1563}.Release|Any CPU.Build.0 = Release|Any CPU
		{6C1E2617-E727-418D-962F-944B300C89CF}.Debug|Any CPU.ActiveCfg = Debug|Any CPU
		{6C1E2617-E727-418D-962F-944B300C89CF}.Debug|Any CPU.Build.0 = Debug|Any CPU
		{6C1E2617-E727-418D-962F-944B300C89CF}.Release|Any CPU.ActiveCfg = Release|Any CPU
		{6C1E2617-E727-418D-962F-944B300C89CF}.Release|Any CPU.Build.0 = Release|Any CPU
	EndGlobalSection
	GlobalSection(SolutionProperties) = preSolution
		HideSolutionNode = FALSE
	EndGlobalSection
	GlobalSection(ExtensibilityGlobals) = postSolution
		SolutionGuid = {C5DFF8BA-B48C-4B4B-9FD4-051DB871E0A0}
	EndGlobalSection
EndGlobal
