
Microsoft Visual Studio Solution File, Format Version 12.00
# Visual Studio Version 17
VisualStudioVersion = 17.1.32407.343
MinimumVisualStudioVersion = 10.0.40219.1
Project("{FAE04EC0-301F-11D3-BF4B-00C04F79EFBC}") = "ApiSolicitudes", "ApiSolicitudes\ApiSolicitudes.csproj", "{4227376A-7231-4E50-B347-3F8C1009EE07}"
EndProject
Project("{FAE04EC0-301F-11D3-BF4B-00C04F79EFBC}") = "BLL", "BLL\BLL.csproj", "{8B4880DA-1787-4DF2-BF08-8227CF07DE85}"
EndProject
Project("{FAE04EC0-301F-11D3-BF4B-00C04F79EFBC}") = "DAL", "DAL\DAL.csproj", "{8E5FC91F-5284-4551-9F00-7CD48CBD9E76}"
EndProject
Project("{FAE04EC0-301F-11D3-BF4B-00C04F79EFBC}") = "Domain", "Domain\Domain.csproj", "{D5B71BFB-F75D-4892-AE13-E8287ABDBF48}"
EndProject
Global
	GlobalSection(SolutionConfigurationPlatforms) = preSolution
		Debug|Any CPU = Debug|Any CPU
		Release|Any CPU = Release|Any CPU
	EndGlobalSection
	GlobalSection(ProjectConfigurationPlatforms) = postSolution
		{4227376A-7231-4E50-B347-3F8C1009EE07}.Debug|Any CPU.ActiveCfg = Debug|Any CPU
		{4227376A-7231-4E50-B347-3F8C1009EE07}.Debug|Any CPU.Build.0 = Debug|Any CPU
		{4227376A-7231-4E50-B347-3F8C1009EE07}.Release|Any CPU.ActiveCfg = Release|Any CPU
		{4227376A-7231-4E50-B347-3F8C1009EE07}.Release|Any CPU.Build.0 = Release|Any CPU
		{8B4880DA-1787-4DF2-BF08-8227CF07DE85}.Debug|Any CPU.ActiveCfg = Debug|Any CPU
		{8B4880DA-1787-4DF2-BF08-8227CF07DE85}.Debug|Any CPU.Build.0 = Debug|Any CPU
		{8B4880DA-1787-4DF2-BF08-8227CF07DE85}.Release|Any CPU.ActiveCfg = Release|Any CPU
		{8B4880DA-1787-4DF2-BF08-8227CF07DE85}.Release|Any CPU.Build.0 = Release|Any CPU
		{8E5FC91F-5284-4551-9F00-7CD48CBD9E76}.Debug|Any CPU.ActiveCfg = Debug|Any CPU
		{8E5FC91F-5284-4551-9F00-7CD48CBD9E76}.Debug|Any CPU.Build.0 = Debug|Any CPU
		{8E5FC91F-5284-4551-9F00-7CD48CBD9E76}.Release|Any CPU.ActiveCfg = Release|Any CPU
		{8E5FC91F-5284-4551-9F00-7CD48CBD9E76}.Release|Any CPU.Build.0 = Release|Any CPU
		{D5B71BFB-F75D-4892-AE13-E8287ABDBF48}.Debug|Any CPU.ActiveCfg = Debug|Any CPU
		{D5B71BFB-F75D-4892-AE13-E8287ABDBF48}.Debug|Any CPU.Build.0 = Debug|Any CPU
		{D5B71BFB-F75D-4892-AE13-E8287ABDBF48}.Release|Any CPU.ActiveCfg = Release|Any CPU
		{D5B71BFB-F75D-4892-AE13-E8287ABDBF48}.Release|Any CPU.Build.0 = Release|Any CPU
	EndGlobalSection
	GlobalSection(SolutionProperties) = preSolution
		HideSolutionNode = FALSE
	EndGlobalSection
	GlobalSection(ExtensibilityGlobals) = postSolution
		SolutionGuid = {B852C881-4EFF-4A01-B5D2-062CC5CE3504}
	EndGlobalSection
EndGlobal
